
Microsoft Visual Studio Solution File, Format Version 12.00
# Visual Studio Version 17
VisualStudioVersion = 17.11.35312.102
MinimumVisualStudioVersion = 10.0.40219.1
Project("{FAE04EC0-301F-11D3-BF4B-00C04F79EFBC}") = "3noemberi", "3noemberi.csproj", "{53855800-C4E5-4753-938C-1525489F23CB}"
EndProject
Global
	GlobalSection(SolutionConfigurationPlatforms) = preSolution
		Debug|Any CPU = Debug|Any CPU
		Release|Any CPU = Release|Any CPU
	EndGlobalSection
	GlobalSection(ProjectConfigurationPlatforms) = postSolution
		{53855800-C4E5-4753-938C-1525489F23CB}.Debug|Any CPU.ActiveCfg = Debug|Any CPU
		{53855800-C4E5-4753-938C-1525489F23CB}.Debug|Any CPU.Build.0 = Debug|Any CPU
		{53855800-C4E5-4753-938C-1525489F23CB}.Release|Any CPU.ActiveCfg = Release|Any CPU
		{53855800-C4E5-4753-938C-1525489F23CB}.Release|Any CPU.Build.0 = Release|Any CPU
	EndGlobalSection
	GlobalSection(SolutionProperties) = preSolution
		HideSolutionNode = FALSE
	EndGlobalSection
	GlobalSection(ExtensibilityGlobals) = postSolution
		SolutionGuid = {B1C63C16-868C-4DE1-B537-8FA0F5294C49}
	EndGlobalSection
EndGlobal
